
Microsoft Visual Studio Solution File, Format Version 12.00
# Visual Studio 15
Project("{7E338A21-F88C-4512-A413-3684D417CD9F}") = "Jellyfin.Webhooks", "Jellyfin.Webhooks\Jellyfin.Webhooks.csproj", "{352A697D-2DEF-4AB1-9651-C45C3666FAD8}"
EndProject
Global
	GlobalSection(SolutionConfigurationPlatforms) = preSolution
		Debug|Any CPU = Debug|Any CPU
		Release|Any CPU = Release|Any CPU
	EndGlobalSection
	GlobalSection(ProjectConfigurationPlatforms) = postSolution
		{352A697D-2DEF-4AB1-9651-C45C3666FAD8}.Debug|Any CPU.ActiveCfg = Debug|Any CPU
		{352A697D-2DEF-4AB1-9651-C45C3666FAD8}.Debug|Any CPU.Build.0 = Debug|Any CPU
		{352A697D-2DEF-4AB1-9651-C45C3666FAD8}.Release|Any CPU.ActiveCfg = Release|Any CPU
		{352A697D-2DEF-4AB1-9651-C45C3666FAD8}.Release|Any CPU.Build.0 = Release|Any CPU
	EndGlobalSection
EndGlobal
